
Microsoft Visual Studio Solution File, Format Version 11.00
# Visual Studio 2010
Project("{FAE04EC0-301F-11D3-BF4B-00C04F79EFBC}") = "BuildingBlocks.Store", "BuildingBlocks.Store\BuildingBlocks.Store.csproj", "{44FC5F3F-8054-47D4-848F-783AF942F5FF}"
EndProject
Project("{FAE04EC0-301F-11D3-BF4B-00C04F79EFBC}") = "BuildingBlocks.Store.RavenDB", "BuildingBlocks.Store.RavenDB\BuildingBlocks.Store.RavenDB.csproj", "{E3456B0E-CD97-4973-9379-7B24C201FDEB}"
EndProject
Global
	GlobalSection(SolutionConfigurationPlatforms) = preSolution
		Debug|Any CPU = Debug|Any CPU
		Release|Any CPU = Release|Any CPU
	EndGlobalSection
	GlobalSection(ProjectConfigurationPlatforms) = postSolution
		{44FC5F3F-8054-47D4-848F-783AF942F5FF}.Debug|Any CPU.ActiveCfg = Debug|Any CPU
		{44FC5F3F-8054-47D4-848F-783AF942F5FF}.Debug|Any CPU.Build.0 = Debug|Any CPU
		{44FC5F3F-8054-47D4-848F-783AF942F5FF}.Release|Any CPU.ActiveCfg = Release|Any CPU
		{44FC5F3F-8054-47D4-848F-783AF942F5FF}.Release|Any CPU.Build.0 = Release|Any CPU
		{E3456B0E-CD97-4973-9379-7B24C201FDEB}.Debug|Any CPU.ActiveCfg = Debug|Any CPU
		{E3456B0E-CD97-4973-9379-7B24C201FDEB}.Debug|Any CPU.Build.0 = Debug|Any CPU
		{E3456B0E-CD97-4973-9379-7B24C201FDEB}.Release|Any CPU.ActiveCfg = Release|Any CPU
		{E3456B0E-CD97-4973-9379-7B24C201FDEB}.Release|Any CPU.Build.0 = Release|Any CPU
	EndGlobalSection
	GlobalSection(SolutionProperties) = preSolution
		HideSolutionNode = FALSE
	EndGlobalSection
EndGlobal
