
Microsoft Visual Studio Solution File, Format Version 12.00
# Visual Studio 2012
Project("{FAE04EC0-301F-11D3-BF4B-00C04F79EFBC}") = "BuildingBlocks.Store", "BuildingBlocks.Store\BuildingBlocks.Store.csproj", "{44FC5F3F-8054-47D4-848F-783AF942F5FF}"
EndProject
Project("{FAE04EC0-301F-11D3-BF4B-00C04F79EFBC}") = "BuildingBlocks.Store.RavenDB", "BuildingBlocks.Store.RavenDB\BuildingBlocks.Store.RavenDB.csproj", "{E3456B0E-CD97-4973-9379-7B24C201FDEB}"
EndProject
Project("{2150E333-8FDC-42A3-9474-1A3956D46DE8}") = ".nuget", ".nuget", "{60D5FA41-C94D-4B89-B748-D37CF13A6FDB}"
	ProjectSection(SolutionItems) = preProject
		.nuget\NuGet.Config = .nuget\NuGet.Config
		.nuget\NuGet.exe = .nuget\NuGet.exe
		.nuget\NuGet.targets = .nuget\NuGet.targets
	EndProjectSection
EndProject
Project("{FAE04EC0-301F-11D3-BF4B-00C04F79EFBC}") = "BuildingBlocks.CopyManagement", "BuildingBlocks.CopyManagement\BuildingBlocks.CopyManagement.csproj", "{D163F1B1-83F0-468F-9A4F-74B5E3CB4797}"
EndProject
Project("{FAE04EC0-301F-11D3-BF4B-00C04F79EFBC}") = "BuildingBlocks.Mvc.KnockoutMvc", "BuildingBlocks.Mvc.KnockoutMvc\BuildingBlocks.Mvc.KnockoutMvc.csproj", "{574BA7C4-83DC-4AFA-BC74-0CDBB772ACC8}"
EndProject
Project("{FAE04EC0-301F-11D3-BF4B-00C04F79EFBC}") = "BuildingBlocks.Mvc", "BuildingBlocks.Mvc\BuildingBlocks.Mvc.csproj", "{635D645C-3796-4668-8E11-B21E3FC82733}"
EndProject
Project("{FAE04EC0-301F-11D3-BF4B-00C04F79EFBC}") = "BuildingBlocks.Store.RavenDB.Tests", "BuildingBlocks.Store.RavenDB.Tests\BuildingBlocks.Store.RavenDB.Tests.csproj", "{B3FAD5BF-97AA-4BB9-847A-425FD794D614}"
EndProject
Project("{FAE04EC0-301F-11D3-BF4B-00C04F79EFBC}") = "BuildingBlocks.Query", "BuildingBlocks.Query\BuildingBlocks.Query.csproj", "{A8F52D30-935B-4D17-ABF2-42E04F1DBC70}"
EndProject
Project("{FAE04EC0-301F-11D3-BF4B-00C04F79EFBC}") = "BuildingBlocks.Common", "BuildingBlocks.Common\BuildingBlocks.Common.csproj", "{D03AFEE9-3AD7-472D-8D88-4E7C19267AA3}"
EndProject
Project("{FAE04EC0-301F-11D3-BF4B-00C04F79EFBC}") = "BuildingBlocks.Membership", "BuildingBlocks.Membership\BuildingBlocks.Membership.csproj", "{79EE9CF8-4A24-4D47-898C-9C4F226D6F42}"
EndProject
Project("{FAE04EC0-301F-11D3-BF4B-00C04F79EFBC}") = "BuildingBlocks.Store.RavenDB.TestHelpers.SpecFlow", "BuildingBlocks.Store.RavenDB.TestHelpers.SpecFlow\BuildingBlocks.Store.RavenDB.TestHelpers.SpecFlow.csproj", "{9F2BF224-30DA-4D63-87A8-5BE319DB0C5A}"
EndProject
Project("{FAE04EC0-301F-11D3-BF4B-00C04F79EFBC}") = "BuildingBlocks.Membership.RavenDB.Tests", "BuildingBlocks.Membership.RavenDB.Tests\BuildingBlocks.Membership.RavenDB.Tests.csproj", "{F436716D-7A23-4B16-88FD-523BDC828DA4}"
EndProject
Project("{FAE04EC0-301F-11D3-BF4B-00C04F79EFBC}") = "BuildingBlocks.Membership.RavenDB", "BuildingBlocks.Membership.RavenDB\BuildingBlocks.Membership.RavenDB.csproj", "{858854A4-7679-483B-98BE-98AFBBC4EC2B}"
EndProject
Project("{FAE04EC0-301F-11D3-BF4B-00C04F79EFBC}") = "BuildingBlocks.Mvc.FluentAssertions", "BuildingBlocks.Mvc.FluentAssertions\BuildingBlocks.Mvc.FluentAssertions.csproj", "{419CC8F9-221C-41E2-A22D-44BD50029290}"
EndProject
Project("{FAE04EC0-301F-11D3-BF4B-00C04F79EFBC}") = "BuildingBlocks.SystemInfo", "BuildingBlocks.SystemInfo\BuildingBlocks.SystemInfo.csproj", "{0D185AB7-F422-4FEF-89F0-295A09472167}"
EndProject
Project("{FAE04EC0-301F-11D3-BF4B-00C04F79EFBC}") = "BuildingBlocks.Autopoco.Helpers", "BuildingBlocks.Autopoco.Helpers\BuildingBlocks.Autopoco.Helpers.csproj", "{F01FA7FC-CDD7-4FA6-A6FE-EF7B49CBFAE9}"
EndProject
Project("{FAE04EC0-301F-11D3-BF4B-00C04F79EFBC}") = "BuildingBlocks.Store.RavenDB.TestHelpers", "BuildingBlocks.Store.RavenDB.TestHelpers\BuildingBlocks.Store.RavenDB.TestHelpers.csproj", "{B538ABC9-FEAD-469B-B21A-18C004673AAE}"
EndProject
Project("{FAE04EC0-301F-11D3-BF4B-00C04F79EFBC}") = "BuildingBlocks.EventAggregator", "BuildingBlocks.EventAggregator\BuildingBlocks.EventAggregator.csproj", "{87991616-828D-40D2-9F69-0A6B93E30E01}"
EndProject
Global
	GlobalSection(SolutionConfigurationPlatforms) = preSolution
		Debug|Any CPU = Debug|Any CPU
		Release|Any CPU = Release|Any CPU
	EndGlobalSection
	GlobalSection(ProjectConfigurationPlatforms) = postSolution
		{44FC5F3F-8054-47D4-848F-783AF942F5FF}.Debug|Any CPU.ActiveCfg = Debug|Any CPU
		{44FC5F3F-8054-47D4-848F-783AF942F5FF}.Debug|Any CPU.Build.0 = Debug|Any CPU
		{44FC5F3F-8054-47D4-848F-783AF942F5FF}.Release|Any CPU.ActiveCfg = Release|Any CPU
		{44FC5F3F-8054-47D4-848F-783AF942F5FF}.Release|Any CPU.Build.0 = Release|Any CPU
		{E3456B0E-CD97-4973-9379-7B24C201FDEB}.Debug|Any CPU.ActiveCfg = Debug|Any CPU
		{E3456B0E-CD97-4973-9379-7B24C201FDEB}.Debug|Any CPU.Build.0 = Debug|Any CPU
		{E3456B0E-CD97-4973-9379-7B24C201FDEB}.Release|Any CPU.ActiveCfg = Release|Any CPU
		{E3456B0E-CD97-4973-9379-7B24C201FDEB}.Release|Any CPU.Build.0 = Release|Any CPU
		{D163F1B1-83F0-468F-9A4F-74B5E3CB4797}.Debug|Any CPU.ActiveCfg = Debug|Any CPU
		{D163F1B1-83F0-468F-9A4F-74B5E3CB4797}.Debug|Any CPU.Build.0 = Debug|Any CPU
		{D163F1B1-83F0-468F-9A4F-74B5E3CB4797}.Release|Any CPU.ActiveCfg = Release|Any CPU
		{D163F1B1-83F0-468F-9A4F-74B5E3CB4797}.Release|Any CPU.Build.0 = Release|Any CPU
		{574BA7C4-83DC-4AFA-BC74-0CDBB772ACC8}.Debug|Any CPU.ActiveCfg = Debug|Any CPU
		{574BA7C4-83DC-4AFA-BC74-0CDBB772ACC8}.Debug|Any CPU.Build.0 = Debug|Any CPU
		{574BA7C4-83DC-4AFA-BC74-0CDBB772ACC8}.Release|Any CPU.ActiveCfg = Release|Any CPU
		{574BA7C4-83DC-4AFA-BC74-0CDBB772ACC8}.Release|Any CPU.Build.0 = Release|Any CPU
		{635D645C-3796-4668-8E11-B21E3FC82733}.Debug|Any CPU.ActiveCfg = Debug|Any CPU
		{635D645C-3796-4668-8E11-B21E3FC82733}.Debug|Any CPU.Build.0 = Debug|Any CPU
		{635D645C-3796-4668-8E11-B21E3FC82733}.Release|Any CPU.ActiveCfg = Release|Any CPU
		{635D645C-3796-4668-8E11-B21E3FC82733}.Release|Any CPU.Build.0 = Release|Any CPU
		{B3FAD5BF-97AA-4BB9-847A-425FD794D614}.Debug|Any CPU.ActiveCfg = Debug|Any CPU
		{B3FAD5BF-97AA-4BB9-847A-425FD794D614}.Debug|Any CPU.Build.0 = Debug|Any CPU
		{B3FAD5BF-97AA-4BB9-847A-425FD794D614}.Release|Any CPU.ActiveCfg = Release|Any CPU
		{B3FAD5BF-97AA-4BB9-847A-425FD794D614}.Release|Any CPU.Build.0 = Release|Any CPU
		{A8F52D30-935B-4D17-ABF2-42E04F1DBC70}.Debug|Any CPU.ActiveCfg = Debug|Any CPU
		{A8F52D30-935B-4D17-ABF2-42E04F1DBC70}.Debug|Any CPU.Build.0 = Debug|Any CPU
		{A8F52D30-935B-4D17-ABF2-42E04F1DBC70}.Release|Any CPU.ActiveCfg = Release|Any CPU
		{A8F52D30-935B-4D17-ABF2-42E04F1DBC70}.Release|Any CPU.Build.0 = Release|Any CPU
		{D03AFEE9-3AD7-472D-8D88-4E7C19267AA3}.Debug|Any CPU.ActiveCfg = Debug|Any CPU
		{D03AFEE9-3AD7-472D-8D88-4E7C19267AA3}.Debug|Any CPU.Build.0 = Debug|Any CPU
		{D03AFEE9-3AD7-472D-8D88-4E7C19267AA3}.Release|Any CPU.ActiveCfg = Release|Any CPU
		{D03AFEE9-3AD7-472D-8D88-4E7C19267AA3}.Release|Any CPU.Build.0 = Release|Any CPU
		{79EE9CF8-4A24-4D47-898C-9C4F226D6F42}.Debug|Any CPU.ActiveCfg = Debug|Any CPU
		{79EE9CF8-4A24-4D47-898C-9C4F226D6F42}.Debug|Any CPU.Build.0 = Debug|Any CPU
		{79EE9CF8-4A24-4D47-898C-9C4F226D6F42}.Release|Any CPU.ActiveCfg = Release|Any CPU
		{79EE9CF8-4A24-4D47-898C-9C4F226D6F42}.Release|Any CPU.Build.0 = Release|Any CPU
		{9F2BF224-30DA-4D63-87A8-5BE319DB0C5A}.Debug|Any CPU.ActiveCfg = Debug|Any CPU
		{9F2BF224-30DA-4D63-87A8-5BE319DB0C5A}.Debug|Any CPU.Build.0 = Debug|Any CPU
		{9F2BF224-30DA-4D63-87A8-5BE319DB0C5A}.Release|Any CPU.ActiveCfg = Release|Any CPU
		{9F2BF224-30DA-4D63-87A8-5BE319DB0C5A}.Release|Any CPU.Build.0 = Release|Any CPU
		{F436716D-7A23-4B16-88FD-523BDC828DA4}.Debug|Any CPU.ActiveCfg = Debug|Any CPU
		{F436716D-7A23-4B16-88FD-523BDC828DA4}.Debug|Any CPU.Build.0 = Debug|Any CPU
		{F436716D-7A23-4B16-88FD-523BDC828DA4}.Release|Any CPU.ActiveCfg = Release|Any CPU
		{F436716D-7A23-4B16-88FD-523BDC828DA4}.Release|Any CPU.Build.0 = Release|Any CPU
		{858854A4-7679-483B-98BE-98AFBBC4EC2B}.Debug|Any CPU.ActiveCfg = Debug|Any CPU
		{858854A4-7679-483B-98BE-98AFBBC4EC2B}.Debug|Any CPU.Build.0 = Debug|Any CPU
		{858854A4-7679-483B-98BE-98AFBBC4EC2B}.Release|Any CPU.ActiveCfg = Release|Any CPU
		{858854A4-7679-483B-98BE-98AFBBC4EC2B}.Release|Any CPU.Build.0 = Release|Any CPU
		{419CC8F9-221C-41E2-A22D-44BD50029290}.Debug|Any CPU.ActiveCfg = Debug|Any CPU
		{419CC8F9-221C-41E2-A22D-44BD50029290}.Debug|Any CPU.Build.0 = Debug|Any CPU
		{419CC8F9-221C-41E2-A22D-44BD50029290}.Release|Any CPU.ActiveCfg = Release|Any CPU
		{419CC8F9-221C-41E2-A22D-44BD50029290}.Release|Any CPU.Build.0 = Release|Any CPU
		{0D185AB7-F422-4FEF-89F0-295A09472167}.Debug|Any CPU.ActiveCfg = Debug|Any CPU
		{0D185AB7-F422-4FEF-89F0-295A09472167}.Debug|Any CPU.Build.0 = Debug|Any CPU
		{0D185AB7-F422-4FEF-89F0-295A09472167}.Release|Any CPU.ActiveCfg = Release|Any CPU
		{0D185AB7-F422-4FEF-89F0-295A09472167}.Release|Any CPU.Build.0 = Release|Any CPU
		{F01FA7FC-CDD7-4FA6-A6FE-EF7B49CBFAE9}.Debug|Any CPU.ActiveCfg = Debug|Any CPU
		{F01FA7FC-CDD7-4FA6-A6FE-EF7B49CBFAE9}.Debug|Any CPU.Build.0 = Debug|Any CPU
		{F01FA7FC-CDD7-4FA6-A6FE-EF7B49CBFAE9}.Release|Any CPU.ActiveCfg = Release|Any CPU
		{F01FA7FC-CDD7-4FA6-A6FE-EF7B49CBFAE9}.Release|Any CPU.Build.0 = Release|Any CPU
		{B538ABC9-FEAD-469B-B21A-18C004673AAE}.Debug|Any CPU.ActiveCfg = Debug|Any CPU
		{B538ABC9-FEAD-469B-B21A-18C004673AAE}.Debug|Any CPU.Build.0 = Debug|Any CPU
		{B538ABC9-FEAD-469B-B21A-18C004673AAE}.Release|Any CPU.ActiveCfg = Release|Any CPU
		{B538ABC9-FEAD-469B-B21A-18C004673AAE}.Release|Any CPU.Build.0 = Release|Any CPU
		{87991616-828D-40D2-9F69-0A6B93E30E01}.Debug|Any CPU.ActiveCfg = Debug|Any CPU
		{87991616-828D-40D2-9F69-0A6B93E30E01}.Debug|Any CPU.Build.0 = Debug|Any CPU
		{87991616-828D-40D2-9F69-0A6B93E30E01}.Release|Any CPU.ActiveCfg = Release|Any CPU
		{87991616-828D-40D2-9F69-0A6B93E30E01}.Release|Any CPU.Build.0 = Release|Any CPU
	EndGlobalSection
	GlobalSection(SolutionProperties) = preSolution
		HideSolutionNode = FALSE
	EndGlobalSection
EndGlobal
